
Microsoft Visual Studio Solution File, Format Version 12.00
# Visual Studio 2012
Project("{FAE04EC0-301F-11D3-BF4B-00C04F79EFBC}") = "online_product_auction_system", "online_product_auction_system\online_product_auction_system.csproj", "{CAE0BD13-CB31-4744-BA62-66A41FDD3BED}"
EndProject
Global
	GlobalSection(SolutionConfigurationPlatforms) = preSolution
		Debug|Any CPU = Debug|Any CPU
		Release|Any CPU = Release|Any CPU
	EndGlobalSection
	GlobalSection(ProjectConfigurationPlatforms) = postSolution
		{CAE0BD13-CB31-4744-BA62-66A41FDD3BED}.Debug|Any CPU.ActiveCfg = Debug|Any CPU
		{CAE0BD13-CB31-4744-BA62-66A41FDD3BED}.Debug|Any CPU.Build.0 = Debug|Any CPU
		{CAE0BD13-CB31-4744-BA62-66A41FDD3BED}.Release|Any CPU.ActiveCfg = Release|Any CPU
		{CAE0BD13-CB31-4744-BA62-66A41FDD3BED}.Release|Any CPU.Build.0 = Release|Any CPU
	EndGlobalSection
	GlobalSection(SolutionProperties) = preSolution
		HideSolutionNode = FALSE
	EndGlobalSection
EndGlobal
